
Microsoft Visual Studio Solution File, Format Version 12.00
# Visual Studio Version 17
VisualStudioVersion = 17.5.33516.290
MinimumVisualStudioVersion = 10.0.40219.1
Project("{F2A71F9B-5D33-465A-A702-920D77279786}") = "HW10GroupProject", "HW10GroupProject\HW10GroupProject.fsproj", "{4B2DAB67-E4CD-471C-A26D-143D821A29A9}"
EndProject
Global
	GlobalSection(SolutionConfigurationPlatforms) = preSolution
		Debug|Any CPU = Debug|Any CPU
		Release|Any CPU = Release|Any CPU
	EndGlobalSection
	GlobalSection(ProjectConfigurationPlatforms) = postSolution
		{4B2DAB67-E4CD-471C-A26D-143D821A29A9}.Debug|Any CPU.ActiveCfg = Debug|Any CPU
		{4B2DAB67-E4CD-471C-A26D-143D821A29A9}.Debug|Any CPU.Build.0 = Debug|Any CPU
		{4B2DAB67-E4CD-471C-A26D-143D821A29A9}.Release|Any CPU.ActiveCfg = Release|Any CPU
		{4B2DAB67-E4CD-471C-A26D-143D821A29A9}.Release|Any CPU.Build.0 = Release|Any CPU
	EndGlobalSection
	GlobalSection(SolutionProperties) = preSolution
		HideSolutionNode = FALSE
	EndGlobalSection
	GlobalSection(ExtensibilityGlobals) = postSolution
		SolutionGuid = {3E972B61-72A4-4144-B163-82CFC8E1F013}
	EndGlobalSection
EndGlobal
